{
    "_readme": [
        "This file locks the dependencies of your project to a known state",
        "Read more about it at https://getcomposer.org/doc/01-basic-usage.md#installing-dependencies",
        "This file is @generated automatically"
    ],
    "content-hash": "7c8c67a230f92bd0e4a107d0fd6b7996",
    "packages": [],
    "packages-dev": [
        {
            "name": "heroku/heroku-buildpack-php",
            "version": "dev-main",
            "source": {
                "type": "git",
                "url": "https://github.com/heroku/heroku-buildpack-php.git",
                "reference": "3e49045a63ed480378c9d3d3e364acbfcc06eb3f"
            },
            "dist": {
                "type": "zip",
                "url": "https://api.github.com/repos/heroku/heroku-buildpack-php/zipball/3e49045a63ed480378c9d3d3e364acbfcc06eb3f",
                "reference": "3e49045a63ed480378c9d3d3e364acbfcc06eb3f",
                "shasum": ""
            },
            "default-branch": true,
            "bin": [
                "bin/heroku-php-apache2",
                "bin/heroku-php-nginx"
            ],
            "type": "library",
            "notification-url": "https://packagist.org/downloads/",
            "license": [
                "MIT"
            ],
            "authors": [
                {
                    "name": "David Zuelke",
                    "email": "dz@heroku.com"
                }
            ],
            "description": "Toolkit for starting a PHP application locally, with or without foreman, using the same config for PHP and Apache2/Nginx as on Heroku",
            "homepage": "https://github.com/heroku/heroku-buildpack-php",
            "keywords": [
                "apache",
                "apache2",
                "foreman",
                "heroku",
                "nginx",
                "php"
            ],
            "support": {
                "issues": "https://github.com/heroku/heroku-buildpack-php/issues",
                "source": "https://github.com/heroku/heroku-buildpack-php/tree/v190"
            },
            "time": "2021-03-04T23:15:04+00:00"
        }
    ],
    "aliases": [],
    "minimum-stability": "stable",
    "stability-flags": {
        "heroku/heroku-buildpack-php": 20
    },
    "prefer-stable": false,
    "prefer-lowest": false,
    "platform": {
        "php": "^8.0",
        "ext-igbinary": "*",
        "ext-redis": "*"
    },
    "platform-dev": [],
    "plugin-api-version": "2.0.0"
}
